# THIS IS AN AUTOGENERATED FILE. DO NOT EDIT THIS FILE DIRECTLY.
# yarn lockfile v1


"@biomejs/biome@^1.8.3":
  version "1.8.3"
  resolved "https://registry.npmjs.org/@biomejs/biome/-/biome-1.8.3.tgz"
  integrity sha512-/uUV3MV+vyAczO+vKrPdOW0Iaet7UnJMU4bNMinggGJTAnBPjCoLEYcyYtYHNnUNYlv4xZMH6hVIQCAozq8d5w==
  optionalDependencies:
    "@biomejs/cli-darwin-arm64" "1.8.3"
    "@biomejs/cli-darwin-x64" "1.8.3"
    "@biomejs/cli-linux-arm64" "1.8.3"
    "@biomejs/cli-linux-arm64-musl" "1.8.3"
    "@biomejs/cli-linux-x64" "1.8.3"
    "@biomejs/cli-linux-x64-musl" "1.8.3"
    "@biomejs/cli-win32-arm64" "1.8.3"
    "@biomejs/cli-win32-x64" "1.8.3"

"@biomejs/cli-darwin-arm64@1.8.3":
  version "1.8.3"
  resolved "https://registry.npmjs.org/@biomejs/cli-darwin-arm64/-/cli-darwin-arm64-1.8.3.tgz"
  integrity sha512-9DYOjclFpKrH/m1Oz75SSExR8VKvNSSsLnVIqdnKexj6NwmiMlKk94Wa1kZEdv6MCOHGHgyyoV57Cw8WzL5n3A==

"@imminently/standard@^0.2.3":
  version "0.2.3"
  resolved "https://npm.pkg.github.com/download/@imminently/standard/0.2.3/b6120ddb5826eb1c7b1daa393278bd94ef2affc0"
  integrity sha512-uRs/hcjh81AW1OKXPyk+xbYCo4O1p4ypaXIyh7A9LgFEv5HcGLAC5vOUU4G1VtGNP3TgaN+351rDuUDXJaBm2w==

typescript@^4.9.5:
  version "4.9.5"
  resolved "https://registry.npmjs.org/typescript/-/typescript-4.9.5.tgz"
  integrity sha512-1FXk9E2Hm+QzZQ7z+McJiHL4NW1F2EzMu9Nq9i3zAaGqibafqYwCVU6WyWAuyQRRzOlxou8xZSyXLEN8oKj24g==
